
Microsoft Visual Studio Solution File, Format Version 12.00
# Visual Studio Version 17
VisualStudioVersion = 17.14.36804.6
MinimumVisualStudioVersion = 10.0.40219.1
Project("{2150E333-8FDC-42A3-9474-1A3956D46DE8}") = "Services", "Services", "{02EA681E-C7D8-13C7-8484-4AC65E1B71E8}"
EndProject
Project("{2150E333-8FDC-42A3-9474-1A3956D46DE8}") = "Frontend", "Frontend", "{118C9B03-8705-4AFE-B94C-2327B96A7900}"
EndProject
Project("{2150E333-8FDC-42A3-9474-1A3956D46DE8}") = "IdentityServer", "IdentityServer", "{DF8F4EF5-0891-44AE-997D-9FE73C41920C}"
EndProject
Project("{2150E333-8FDC-42A3-9474-1A3956D46DE8}") = "Basket", "Basket", "{3FF1F23E-09A8-4BC7-876F-F6D8977A81CA}"
EndProject
Project("{2150E333-8FDC-42A3-9474-1A3956D46DE8}") = "Order", "Order", "{F64DA24B-D5E1-4B92-A888-35473D6114DE}"
EndProject
Project("{2150E333-8FDC-42A3-9474-1A3956D46DE8}") = "Catalog", "Catalog", "{971749EA-7D49-43CA-A921-E24DCADA8AC6}"
EndProject
Project("{2150E333-8FDC-42A3-9474-1A3956D46DE8}") = "Discount", "Discount", "{AD0A5794-EE12-4C1F-A17F-BCAF4145A792}"
EndProject
Project("{2150E333-8FDC-42A3-9474-1A3956D46DE8}") = "Cargo", "Cargo", "{CD73E617-0E8C-420E-BC10-61CBAC394EBF}"
EndProject
Project("{FAE04EC0-301F-11D3-BF4B-00C04F79EFBC}") = "ECommerce.Catalog", "Services\Catalog\ECommerce.Catalog\ECommerce.Catalog.csproj", "{BDBE734B-AA2B-443B-8C39-2F040C5B4797}"
EndProject
Project("{2150E333-8FDC-42A3-9474-1A3956D46DE8}") = "Shared", "Shared", "{8A1D466E-FDF1-4053-BA26-B74E339C70C5}"
	ProjectSection(SolutionItems) = preProject
		Ports.txt = Ports.txt
	EndProjectSection
EndProject
Project("{2150E333-8FDC-42A3-9474-1A3956D46DE8}") = "Core", "Core", "{198E5FED-A926-4562-B206-346060A997D6}"
EndProject
Project("{2150E333-8FDC-42A3-9474-1A3956D46DE8}") = "Infrastructure", "Infrastructure", "{CAC9F5FA-F6CA-4F03-A70A-1D4C2DFE7A80}"
EndProject
Project("{2150E333-8FDC-42A3-9474-1A3956D46DE8}") = "Presentation", "Presentation", "{BFC15345-174C-4612-9E00-E1433915972E}"
EndProject
Project("{FAE04EC0-301F-11D3-BF4B-00C04F79EFBC}") = "ECommerce.Order.Domain", "Services\Order\Core\ECommerce.Order.Domain\ECommerce.Order.Domain.csproj", "{C46BE4EB-ACDB-4951-B4AA-099F7D7CEF9D}"
EndProject
Project("{FAE04EC0-301F-11D3-BF4B-00C04F79EFBC}") = "ECommerce.Order.Application", "Services\Order\Core\ECommerce.Order.Application\ECommerce.Order.Application.csproj", "{BB630AAC-FB93-4369-9DB3-C4A7F07FDDC0}"
EndProject
Project("{FAE04EC0-301F-11D3-BF4B-00C04F79EFBC}") = "ECommerce.Order.Persistence", "Services\Order\Infrastructure\ECommerce.Order.Persistence\ECommerce.Order.Persistence.csproj", "{6002DD71-F36E-4C7B-8566-FDF97282F998}"
EndProject
Project("{FAE04EC0-301F-11D3-BF4B-00C04F79EFBC}") = "ECommerce.Order.API", "Services\Order\Presentation\ECommerce.Order.API\ECommerce.Order.API.csproj", "{835BDC54-555E-414F-BBC0-0B2BBA133497}"
EndProject
Project("{FAE04EC0-301F-11D3-BF4B-00C04F79EFBC}") = "ECommerce.IdentityServer", "IdentityServer\ECommerce.IdentityServer\ECommerce.IdentityServer.csproj", "{7A59FE07-7EDD-DA0B-6465-363AE1E5CEC5}"
EndProject
Project("{FAE04EC0-301F-11D3-BF4B-00C04F79EFBC}") = "ECommerce.Basket", "Services\Basket\ECommerce.Basket\ECommerce.Basket.csproj", "{B0084CFE-90E9-4F94-8BD7-6BDCC98DE0B7}"
EndProject
Project("{FAE04EC0-301F-11D3-BF4B-00C04F79EFBC}") = "ECommerce.Discount.Entity", "Services\Discount\ECommerce.Discount.Entity\ECommerce.Discount.Entity.csproj", "{A6D5B238-4F2B-4FF8-A48C-FCECADD4D1D5}"
EndProject
Project("{FAE04EC0-301F-11D3-BF4B-00C04F79EFBC}") = "ECommerce.Discount.Business", "Services\Discount\ECommerce.Discount.Business\ECommerce.Discount.Business.csproj", "{7F2A560F-CC7E-4424-BCA1-1FB8BC9C9FC0}"
EndProject
Project("{FAE04EC0-301F-11D3-BF4B-00C04F79EFBC}") = "ECommerce.Discount.DataAccess", "Services\Discount\ECommerce.Discount.DataAccess\ECommerce.Discount.DataAccess.csproj", "{D1BC82BF-DCB9-4533-9CA1-21B25E3F9A57}"
EndProject
Project("{FAE04EC0-301F-11D3-BF4B-00C04F79EFBC}") = "ECommerce.Discount.API", "Services\ECommerce.Discount.API\ECommerce.Discount.API.csproj", "{4E494124-92B4-4FA5-A9C7-2FC9D700C809}"
EndProject
Project("{FAE04EC0-301F-11D3-BF4B-00C04F79EFBC}") = "ECommerce.WebUI", "Frontend\ECommerce.WebUI\ECommerce.WebUI.csproj", "{955E409E-6B8C-4759-915F-660EB2BF7EB8}"
EndProject
Project("{2150E333-8FDC-42A3-9474-1A3956D46DE8}") = "Gateway", "Gateway", "{810FDAC2-C55B-4A7B-89ED-6E4E708C8AE6}"
EndProject
Project("{FAE04EC0-301F-11D3-BF4B-00C04F79EFBC}") = "ECommerce.GatewayApi", "Gateway\ECommerce.GatewayApi\ECommerce.GatewayApi.csproj", "{40D825DC-F8C0-462A-9C06-5B06EADF8205}"
EndProject
Global
	GlobalSection(SolutionConfigurationPlatforms) = preSolution
		Debug|Any CPU = Debug|Any CPU
		Release|Any CPU = Release|Any CPU
	EndGlobalSection
	GlobalSection(ProjectConfigurationPlatforms) = postSolution
		{BDBE734B-AA2B-443B-8C39-2F040C5B4797}.Debug|Any CPU.ActiveCfg = Debug|Any CPU
		{BDBE734B-AA2B-443B-8C39-2F040C5B4797}.Debug|Any CPU.Build.0 = Debug|Any CPU
		{BDBE734B-AA2B-443B-8C39-2F040C5B4797}.Release|Any CPU.ActiveCfg = Release|Any CPU
		{BDBE734B-AA2B-443B-8C39-2F040C5B4797}.Release|Any CPU.Build.0 = Release|Any CPU
		{C46BE4EB-ACDB-4951-B4AA-099F7D7CEF9D}.Debug|Any CPU.ActiveCfg = Debug|Any CPU
		{C46BE4EB-ACDB-4951-B4AA-099F7D7CEF9D}.Debug|Any CPU.Build.0 = Debug|Any CPU
		{C46BE4EB-ACDB-4951-B4AA-099F7D7CEF9D}.Release|Any CPU.ActiveCfg = Release|Any CPU
		{C46BE4EB-ACDB-4951-B4AA-099F7D7CEF9D}.Release|Any CPU.Build.0 = Release|Any CPU
		{BB630AAC-FB93-4369-9DB3-C4A7F07FDDC0}.Debug|Any CPU.ActiveCfg = Debug|Any CPU
		{BB630AAC-FB93-4369-9DB3-C4A7F07FDDC0}.Debug|Any CPU.Build.0 = Debug|Any CPU
		{BB630AAC-FB93-4369-9DB3-C4A7F07FDDC0}.Release|Any CPU.ActiveCfg = Release|Any CPU
		{BB630AAC-FB93-4369-9DB3-C4A7F07FDDC0}.Release|Any CPU.Build.0 = Release|Any CPU
		{6002DD71-F36E-4C7B-8566-FDF97282F998}.Debug|Any CPU.ActiveCfg = Debug|Any CPU
		{6002DD71-F36E-4C7B-8566-FDF97282F998}.Debug|Any CPU.Build.0 = Debug|Any CPU
		{6002DD71-F36E-4C7B-8566-FDF97282F998}.Release|Any CPU.ActiveCfg = Release|Any CPU
		{6002DD71-F36E-4C7B-8566-FDF97282F998}.Release|Any CPU.Build.0 = Release|Any CPU
		{835BDC54-555E-414F-BBC0-0B2BBA133497}.Debug|Any CPU.ActiveCfg = Debug|Any CPU
		{835BDC54-555E-414F-BBC0-0B2BBA133497}.Debug|Any CPU.Build.0 = Debug|Any CPU
		{835BDC54-555E-414F-BBC0-0B2BBA133497}.Release|Any CPU.ActiveCfg = Release|Any CPU
		{835BDC54-555E-414F-BBC0-0B2BBA133497}.Release|Any CPU.Build.0 = Release|Any CPU
		{7A59FE07-7EDD-DA0B-6465-363AE1E5CEC5}.Debug|Any CPU.ActiveCfg = Debug|Any CPU
		{7A59FE07-7EDD-DA0B-6465-363AE1E5CEC5}.Debug|Any CPU.Build.0 = Debug|Any CPU
		{7A59FE07-7EDD-DA0B-6465-363AE1E5CEC5}.Release|Any CPU.ActiveCfg = Release|Any CPU
		{7A59FE07-7EDD-DA0B-6465-363AE1E5CEC5}.Release|Any CPU.Build.0 = Release|Any CPU
		{B0084CFE-90E9-4F94-8BD7-6BDCC98DE0B7}.Debug|Any CPU.ActiveCfg = Debug|Any CPU
		{B0084CFE-90E9-4F94-8BD7-6BDCC98DE0B7}.Debug|Any CPU.Build.0 = Debug|Any CPU
		{B0084CFE-90E9-4F94-8BD7-6BDCC98DE0B7}.Release|Any CPU.ActiveCfg = Release|Any CPU
		{B0084CFE-90E9-4F94-8BD7-6BDCC98DE0B7}.Release|Any CPU.Build.0 = Release|Any CPU
		{A6D5B238-4F2B-4FF8-A48C-FCECADD4D1D5}.Debug|Any CPU.ActiveCfg = Debug|Any CPU
		{A6D5B238-4F2B-4FF8-A48C-FCECADD4D1D5}.Debug|Any CPU.Build.0 = Debug|Any CPU
		{A6D5B238-4F2B-4FF8-A48C-FCECADD4D1D5}.Release|Any CPU.ActiveCfg = Release|Any CPU
		{A6D5B238-4F2B-4FF8-A48C-FCECADD4D1D5}.Release|Any CPU.Build.0 = Release|Any CPU
		{7F2A560F-CC7E-4424-BCA1-1FB8BC9C9FC0}.Debug|Any CPU.ActiveCfg = Debug|Any CPU
		{7F2A560F-CC7E-4424-BCA1-1FB8BC9C9FC0}.Debug|Any CPU.Build.0 = Debug|Any CPU
		{7F2A560F-CC7E-4424-BCA1-1FB8BC9C9FC0}.Release|Any CPU.ActiveCfg = Release|Any CPU
		{7F2A560F-CC7E-4424-BCA1-1FB8BC9C9FC0}.Release|Any CPU.Build.0 = Release|Any CPU
		{D1BC82BF-DCB9-4533-9CA1-21B25E3F9A57}.Debug|Any CPU.ActiveCfg = Debug|Any CPU
		{D1BC82BF-DCB9-4533-9CA1-21B25E3F9A57}.Debug|Any CPU.Build.0 = Debug|Any CPU
		{D1BC82BF-DCB9-4533-9CA1-21B25E3F9A57}.Release|Any CPU.ActiveCfg = Release|Any CPU
		{D1BC82BF-DCB9-4533-9CA1-21B25E3F9A57}.Release|Any CPU.Build.0 = Release|Any CPU
		{4E494124-92B4-4FA5-A9C7-2FC9D700C809}.Debug|Any CPU.ActiveCfg = Debug|Any CPU
		{4E494124-92B4-4FA5-A9C7-2FC9D700C809}.Debug|Any CPU.Build.0 = Debug|Any CPU
		{4E494124-92B4-4FA5-A9C7-2FC9D700C809}.Release|Any CPU.ActiveCfg = Release|Any CPU
		{4E494124-92B4-4FA5-A9C7-2FC9D700C809}.Release|Any CPU.Build.0 = Release|Any CPU
		{955E409E-6B8C-4759-915F-660EB2BF7EB8}.Debug|Any CPU.ActiveCfg = Debug|Any CPU
		{955E409E-6B8C-4759-915F-660EB2BF7EB8}.Debug|Any CPU.Build.0 = Debug|Any CPU
		{955E409E-6B8C-4759-915F-660EB2BF7EB8}.Release|Any CPU.ActiveCfg = Release|Any CPU
		{955E409E-6B8C-4759-915F-660EB2BF7EB8}.Release|Any CPU.Build.0 = Release|Any CPU
		{40D825DC-F8C0-462A-9C06-5B06EADF8205}.Debug|Any CPU.ActiveCfg = Debug|Any CPU
		{40D825DC-F8C0-462A-9C06-5B06EADF8205}.Debug|Any CPU.Build.0 = Debug|Any CPU
		{40D825DC-F8C0-462A-9C06-5B06EADF8205}.Release|Any CPU.ActiveCfg = Release|Any CPU
		{40D825DC-F8C0-462A-9C06-5B06EADF8205}.Release|Any CPU.Build.0 = Release|Any CPU
	EndGlobalSection
	GlobalSection(SolutionProperties) = preSolution
		HideSolutionNode = FALSE
	EndGlobalSection
	GlobalSection(NestedProjects) = preSolution
		{3FF1F23E-09A8-4BC7-876F-F6D8977A81CA} = {02EA681E-C7D8-13C7-8484-4AC65E1B71E8}
		{F64DA24B-D5E1-4B92-A888-35473D6114DE} = {02EA681E-C7D8-13C7-8484-4AC65E1B71E8}
		{971749EA-7D49-43CA-A921-E24DCADA8AC6} = {02EA681E-C7D8-13C7-8484-4AC65E1B71E8}
		{AD0A5794-EE12-4C1F-A17F-BCAF4145A792} = {02EA681E-C7D8-13C7-8484-4AC65E1B71E8}
		{CD73E617-0E8C-420E-BC10-61CBAC394EBF} = {02EA681E-C7D8-13C7-8484-4AC65E1B71E8}
		{BDBE734B-AA2B-443B-8C39-2F040C5B4797} = {971749EA-7D49-43CA-A921-E24DCADA8AC6}
		{198E5FED-A926-4562-B206-346060A997D6} = {F64DA24B-D5E1-4B92-A888-35473D6114DE}
		{CAC9F5FA-F6CA-4F03-A70A-1D4C2DFE7A80} = {F64DA24B-D5E1-4B92-A888-35473D6114DE}
		{BFC15345-174C-4612-9E00-E1433915972E} = {F64DA24B-D5E1-4B92-A888-35473D6114DE}
		{C46BE4EB-ACDB-4951-B4AA-099F7D7CEF9D} = {198E5FED-A926-4562-B206-346060A997D6}
		{BB630AAC-FB93-4369-9DB3-C4A7F07FDDC0} = {198E5FED-A926-4562-B206-346060A997D6}
		{6002DD71-F36E-4C7B-8566-FDF97282F998} = {CAC9F5FA-F6CA-4F03-A70A-1D4C2DFE7A80}
		{835BDC54-555E-414F-BBC0-0B2BBA133497} = {BFC15345-174C-4612-9E00-E1433915972E}
		{7A59FE07-7EDD-DA0B-6465-363AE1E5CEC5} = {DF8F4EF5-0891-44AE-997D-9FE73C41920C}
		{B0084CFE-90E9-4F94-8BD7-6BDCC98DE0B7} = {3FF1F23E-09A8-4BC7-876F-F6D8977A81CA}
		{A6D5B238-4F2B-4FF8-A48C-FCECADD4D1D5} = {AD0A5794-EE12-4C1F-A17F-BCAF4145A792}
		{7F2A560F-CC7E-4424-BCA1-1FB8BC9C9FC0} = {AD0A5794-EE12-4C1F-A17F-BCAF4145A792}
		{D1BC82BF-DCB9-4533-9CA1-21B25E3F9A57} = {AD0A5794-EE12-4C1F-A17F-BCAF4145A792}
		{4E494124-92B4-4FA5-A9C7-2FC9D700C809} = {AD0A5794-EE12-4C1F-A17F-BCAF4145A792}
		{955E409E-6B8C-4759-915F-660EB2BF7EB8} = {118C9B03-8705-4AFE-B94C-2327B96A7900}
		{40D825DC-F8C0-462A-9C06-5B06EADF8205} = {810FDAC2-C55B-4A7B-89ED-6E4E708C8AE6}
	EndGlobalSection
	GlobalSection(ExtensibilityGlobals) = postSolution
		SolutionGuid = {C373BF3C-50C9-46D7-9E16-4CDF44DD940C}
	EndGlobalSection
EndGlobal
